
Microsoft Visual Studio Solution File, Format Version 12.00
# Visual Studio Version 17
VisualStudioVersion = 17.11.35222.181
MinimumVisualStudioVersion = 10.0.40219.1
Project("{8BC9CEB8-8B4A-11D0-8D11-00A0C91BC942}") = "gm", "gm\gm.vcxproj", "{ED7933E3-02B8-4E90-83E3-FD6EE17B0FF2}"
EndProject
Global
	GlobalSection(SolutionConfigurationPlatforms) = preSolution
		Debug|x64 = Debug|x64
		Debug|x86 = Debug|x86
		Release|x64 = Release|x64
		Release|x86 = Release|x86
	EndGlobalSection
	GlobalSection(ProjectConfigurationPlatforms) = postSolution
		{ED7933E3-02B8-4E90-83E3-FD6EE17B0FF2}.Debug|x64.ActiveCfg = Debug|x64
		{ED7933E3-02B8-4E90-83E3-FD6EE17B0FF2}.Debug|x64.Build.0 = Debug|x64
		{ED7933E3-02B8-4E90-83E3-FD6EE17B0FF2}.Debug|x86.ActiveCfg = Debug|Win32
		{ED7933E3-02B8-4E90-83E3-FD6EE17B0FF2}.Debug|x86.Build.0 = Debug|Win32
		{ED7933E3-02B8-4E90-83E3-FD6EE17B0FF2}.Release|x64.ActiveCfg = Release|x64
		{ED7933E3-02B8-4E90-83E3-FD6EE17B0FF2}.Release|x64.Build.0 = Release|x64
		{ED7933E3-02B8-4E90-83E3-FD6EE17B0FF2}.Release|x86.ActiveCfg = Release|Win32
		{ED7933E3-02B8-4E90-83E3-FD6EE17B0FF2}.Release|x86.Build.0 = Release|Win32
	EndGlobalSection
	GlobalSection(SolutionProperties) = preSolution
		HideSolutionNode = FALSE
	EndGlobalSection
	GlobalSection(ExtensibilityGlobals) = postSolution
		SolutionGuid = {A42E4C60-9219-4572-9046-316EE037BD3B}
	EndGlobalSection
EndGlobal
