
Microsoft Visual Studio Solution File, Format Version 12.00
# Visual Studio Version 17
VisualStudioVersion = 17.11.35303.130
MinimumVisualStudioVersion = 10.0.40219.1
Project("{8BC9CEB8-8B4A-11D0-8D11-00A0C91BC942}") = "TestGame", "TestGame\TestGame.vcxproj", "{E23088ED-7E51-47A6-B638-9D7BB75D6908}"
EndProject
Global
	GlobalSection(SolutionConfigurationPlatforms) = preSolution
		Debug|x64 = Debug|x64
		Debug|x86 = Debug|x86
		Release|x64 = Release|x64
		Release|x86 = Release|x86
	EndGlobalSection
	GlobalSection(ProjectConfigurationPlatforms) = postSolution
		{E23088ED-7E51-47A6-B638-9D7BB75D6908}.Debug|x64.ActiveCfg = Debug|x64
		{E23088ED-7E51-47A6-B638-9D7BB75D6908}.Debug|x64.Build.0 = Debug|x64
		{E23088ED-7E51-47A6-B638-9D7BB75D6908}.Debug|x86.ActiveCfg = Debug|Win32
		{E23088ED-7E51-47A6-B638-9D7BB75D6908}.Debug|x86.Build.0 = Debug|Win32
		{E23088ED-7E51-47A6-B638-9D7BB75D6908}.Release|x64.ActiveCfg = Release|x64
		{E23088ED-7E51-47A6-B638-9D7BB75D6908}.Release|x64.Build.0 = Release|x64
		{E23088ED-7E51-47A6-B638-9D7BB75D6908}.Release|x86.ActiveCfg = Release|Win32
		{E23088ED-7E51-47A6-B638-9D7BB75D6908}.Release|x86.Build.0 = Release|Win32
	EndGlobalSection
	GlobalSection(SolutionProperties) = preSolution
		HideSolutionNode = FALSE
	EndGlobalSection
	GlobalSection(ExtensibilityGlobals) = postSolution
		SolutionGuid = {170149FC-9582-47A8-A42E-DF5345EED8FA}
	EndGlobalSection
EndGlobal
